
Microsoft Visual Studio Solution File, Format Version 12.00
# Visual Studio Version 16
VisualStudioVersion = 16.0.30523.141
MinimumVisualStudioVersion = 10.0.40219.1
Project("{FAE04EC0-301F-11D3-BF4B-00C04F79EFBC}") = "dvs-sample-asp-net-core", "dvs-sample-asp-net-core\dvs-sample-asp-net-core.csproj", "{2B616BA4-694A-4D93-97EC-A880A1C33A24}"
EndProject
Global
	GlobalSection(SolutionConfigurationPlatforms) = preSolution
		Debug|Any CPU = Debug|Any CPU
		Release|Any CPU = Release|Any CPU
	EndGlobalSection
	GlobalSection(ProjectConfigurationPlatforms) = postSolution
		{2B616BA4-694A-4D93-97EC-A880A1C33A24}.Debug|Any CPU.ActiveCfg = Debug|Any CPU
		{2B616BA4-694A-4D93-97EC-A880A1C33A24}.Debug|Any CPU.Build.0 = Debug|Any CPU
		{2B616BA4-694A-4D93-97EC-A880A1C33A24}.Release|Any CPU.ActiveCfg = Release|Any CPU
		{2B616BA4-694A-4D93-97EC-A880A1C33A24}.Release|Any CPU.Build.0 = Release|Any CPU
	EndGlobalSection
	GlobalSection(SolutionProperties) = preSolution
		HideSolutionNode = FALSE
	EndGlobalSection
	GlobalSection(ExtensibilityGlobals) = postSolution
		SolutionGuid = {79F92E67-690D-4563-BCA2-7DC9F39B5FEB}
	EndGlobalSection
EndGlobal
